
Microsoft Visual Studio Solution File, Format Version 12.00
# Visual Studio Version 17
VisualStudioVersion = 17.4.33205.214
MinimumVisualStudioVersion = 10.0.40219.1
Project("{FAE04EC0-301F-11D3-BF4B-00C04F79EFBC}") = "TestApi", "TestApi\TestApi.csproj", "{DC9C1AFB-2BC6-41AF-A18E-C7395A342598}"
EndProject
Project("{FAE04EC0-301F-11D3-BF4B-00C04F79EFBC}") = "Domain", "Domain\Domain.csproj", "{7CB0F88D-2967-481D-817E-52E93E55DD8B}"
EndProject
Project("{FAE04EC0-301F-11D3-BF4B-00C04F79EFBC}") = "Infrastructure", "Infrastructure\Infrastructure.csproj", "{81E0925E-8852-4829-9A0A-D512A578C630}"
EndProject
Global
	GlobalSection(SolutionConfigurationPlatforms) = preSolution
		Debug|Any CPU = Debug|Any CPU
		Release|Any CPU = Release|Any CPU
	EndGlobalSection
	GlobalSection(ProjectConfigurationPlatforms) = postSolution
		{DC9C1AFB-2BC6-41AF-A18E-C7395A342598}.Debug|Any CPU.ActiveCfg = Debug|Any CPU
		{DC9C1AFB-2BC6-41AF-A18E-C7395A342598}.Debug|Any CPU.Build.0 = Debug|Any CPU
		{DC9C1AFB-2BC6-41AF-A18E-C7395A342598}.Release|Any CPU.ActiveCfg = Release|Any CPU
		{DC9C1AFB-2BC6-41AF-A18E-C7395A342598}.Release|Any CPU.Build.0 = Release|Any CPU
		{7CB0F88D-2967-481D-817E-52E93E55DD8B}.Debug|Any CPU.ActiveCfg = Debug|Any CPU
		{7CB0F88D-2967-481D-817E-52E93E55DD8B}.Debug|Any CPU.Build.0 = Debug|Any CPU
		{7CB0F88D-2967-481D-817E-52E93E55DD8B}.Release|Any CPU.ActiveCfg = Release|Any CPU
		{7CB0F88D-2967-481D-817E-52E93E55DD8B}.Release|Any CPU.Build.0 = Release|Any CPU
		{81E0925E-8852-4829-9A0A-D512A578C630}.Debug|Any CPU.ActiveCfg = Debug|Any CPU
		{81E0925E-8852-4829-9A0A-D512A578C630}.Debug|Any CPU.Build.0 = Debug|Any CPU
		{81E0925E-8852-4829-9A0A-D512A578C630}.Release|Any CPU.ActiveCfg = Release|Any CPU
		{81E0925E-8852-4829-9A0A-D512A578C630}.Release|Any CPU.Build.0 = Release|Any CPU
	EndGlobalSection
	GlobalSection(SolutionProperties) = preSolution
		HideSolutionNode = FALSE
	EndGlobalSection
	GlobalSection(ExtensibilityGlobals) = postSolution
		SolutionGuid = {80EE6C8D-8840-4ECD-BE07-53F83E90EEAE}
	EndGlobalSection
EndGlobal
